<?xml version="1.0" encoding="utf-8"?>
<Project ToolsVersion="4.0" xmlns="http://schemas.microsoft.com/developer/msbuild/2003">
  <ItemGroup>
    <ClCompile Include="src\Main.cpp" />
    <ClCompile Include="src\glad\glad.c">
      <Filter>glad</Filter>
    </ClCompile>
    <ClCompile Include="src\samples\HelloTriangle.cpp">
      <Filter>samples</Filter>
    </ClCompile>
    <ClCompile Include="src\samples\SampleManager.cpp">
      <Filter>samples</Filter>
    </ClCompile>
    <ClCompile Include="src\samples\SampleBase.cpp">
      <Filter>samples</Filter>
    </ClCompile>
    <ClCompile Include="src\shader\Shader.cpp">
      <Filter>shader</Filter>
    </ClCompile>
    <ClCompile Include="src\stb_image.cpp">
      <Filter>util</Filter>
    </ClCompile>
    <ClCompile Include="src\GlUtil.cpp">
      <Filter>util</Filter>
    </ClCompile>
    <ClCompile Include="src\samples\SampleGeometryShader.cpp">
      <Filter>samples</Filter>
    </ClCompile>
  </ItemGroup>
  <ItemGroup>
    <Filter Include="glad">
      <UniqueIdentifier>{36150f53-bd43-44c7-afdf-8777522e2758}</UniqueIdentifier>
    </Filter>
    <Filter Include="samples">
      <UniqueIdentifier>{382047e7-ef57-480f-8e90-fe9acbf69a95}</UniqueIdentifier>
    </Filter>
    <Filter Include="shader">
      <UniqueIdentifier>{08761c06-43b6-49ff-a2bf-d21f5a740c3a}</UniqueIdentifier>
    </Filter>
    <Filter Include="util">
      <UniqueIdentifier>{abfb18dd-a444-4b7d-a95b-cf382c13013a}</UniqueIdentifier>
    </Filter>
  </ItemGroup>
  <ItemGroup>
    <ClInclude Include="src\samples\HelloTriangle.h">
      <Filter>samples</Filter>
    </ClInclude>
    <ClInclude Include="src\samples\SampleManager.h">
      <Filter>samples</Filter>
    </ClInclude>
    <ClInclude Include="src\samples\SampleBase.h">
      <Filter>samples</Filter>
    </ClInclude>
    <ClInclude Include="src\shader\Shader.h">
      <Filter>shader</Filter>
    </ClInclude>
    <ClInclude Include="src\util\Mesh.h">
      <Filter>util</Filter>
    </ClInclude>
    <ClInclude Include="src\util\Model.h">
      <Filter>util</Filter>
    </ClInclude>
    <ClInclude Include="src\util\Camera.h">
      <Filter>util</Filter>
    </ClInclude>
    <ClInclude Include="src\stb_image.h">
      <Filter>util</Filter>
    </ClInclude>
    <ClInclude Include="src\GlUtil.h">
      <Filter>util</Filter>
    </ClInclude>
    <ClInclude Include="src\util\Def.h">
      <Filter>util</Filter>
    </ClInclude>
    <ClInclude Include="src\samples\SampleGeometryShader.h">
      <Filter>samples</Filter>
    </ClInclude>
  </ItemGroup>
  <ItemGroup>
    <None Include="src\shader\HelloTriangle.frag">
      <Filter>shader</Filter>
    </None>
    <None Include="src\shader\HelloTriangle.vert">
      <Filter>shader</Filter>
    </None>
    <None Include="src\shader\GeometryShader.frag">
      <Filter>shader</Filter>
    </None>
    <None Include="src\shader\GeometryShader.vert">
      <Filter>shader</Filter>
    </None>
    <None Include="src\shader\GeometryShader.geom">
      <Filter>shader</Filter>
    </None>
    <None Include="src\shader\GeometryShaderExplode.frag">
      <Filter>shader</Filter>
    </None>
    <None Include="src\shader\GeometryShaderExplode.geom">
      <Filter>shader</Filter>
    </None>
    <None Include="src\shader\GeometryShaderExplode.vert">
      <Filter>shader</Filter>
    </None>
    <None Include="src\shader\GeometryShaderNormal.frag">
      <Filter>shader</Filter>
    </None>
    <None Include="src\shader\GeometryShaderNormal.geom">
      <Filter>shader</Filter>
    </None>
    <None Include="src\shader\GeometryShaderNormal.vert">
      <Filter>shader</Filter>
    </None>
    <None Include="src\shader\GeometryShaderModel.frag">
      <Filter>shader</Filter>
    </None>
    <None Include="src\shader\GeometryShaderModel.vert">
      <Filter>shader</Filter>
    </None>
  </ItemGroup>
</Project>